
Microsoft Visual Studio Solution File, Format Version 12.00
# Visual Studio Version 17
VisualStudioVersion = 17.13.35818.85
MinimumVisualStudioVersion = 10.0.40219.1
Project("{9A19103F-16F7-4668-BE54-9A1E7A4F7556}") = "DAL", "DAL\DAL.csproj", "{6AF9CC22-DE44-4D9F-93EF-F7EFA25293E2}"
EndProject
Project("{9A19103F-16F7-4668-BE54-9A1E7A4F7556}") = "BL", "BL\BL.csproj", "{7C4C8DBB-1C67-4197-8BBD-239D3A22F50A}"
EndProject
Project("{9A19103F-16F7-4668-BE54-9A1E7A4F7556}") = "WebAPI", "WebAPI\WebAPI.csproj", "{E704DD07-BEED-400A-BD22-D550FD6A51DF}"
EndProject
Project("{2150E333-8FDC-42A3-9474-1A3956D46DE8}") = "Solution Items", "Solution Items", "{70508AA3-9BC9-4A35-9F99-AAAAFAE60F2B}"
	ProjectSection(SolutionItems) = preProject
		.gitignore = .gitignore
	EndProjectSection
EndProject
Global
	GlobalSection(SolutionConfigurationPlatforms) = preSolution
		Debug|Any CPU = Debug|Any CPU
		Release|Any CPU = Release|Any CPU
	EndGlobalSection
	GlobalSection(ProjectConfigurationPlatforms) = postSolution
		{6AF9CC22-DE44-4D9F-93EF-F7EFA25293E2}.Debug|Any CPU.ActiveCfg = Debug|Any CPU
		{6AF9CC22-DE44-4D9F-93EF-F7EFA25293E2}.Debug|Any CPU.Build.0 = Debug|Any CPU
		{6AF9CC22-DE44-4D9F-93EF-F7EFA25293E2}.Release|Any CPU.ActiveCfg = Release|Any CPU
		{6AF9CC22-DE44-4D9F-93EF-F7EFA25293E2}.Release|Any CPU.Build.0 = Release|Any CPU
		{7C4C8DBB-1C67-4197-8BBD-239D3A22F50A}.Debug|Any CPU.ActiveCfg = Debug|Any CPU
		{7C4C8DBB-1C67-4197-8BBD-239D3A22F50A}.Debug|Any CPU.Build.0 = Debug|Any CPU
		{7C4C8DBB-1C67-4197-8BBD-239D3A22F50A}.Release|Any CPU.ActiveCfg = Release|Any CPU
		{7C4C8DBB-1C67-4197-8BBD-239D3A22F50A}.Release|Any CPU.Build.0 = Release|Any CPU
		{E704DD07-BEED-400A-BD22-D550FD6A51DF}.Debug|Any CPU.ActiveCfg = Debug|Any CPU
		{E704DD07-BEED-400A-BD22-D550FD6A51DF}.Debug|Any CPU.Build.0 = Debug|Any CPU
		{E704DD07-BEED-400A-BD22-D550FD6A51DF}.Release|Any CPU.ActiveCfg = Release|Any CPU
		{E704DD07-BEED-400A-BD22-D550FD6A51DF}.Release|Any CPU.Build.0 = Release|Any CPU
	EndGlobalSection
	GlobalSection(SolutionProperties) = preSolution
		HideSolutionNode = FALSE
	EndGlobalSection
	GlobalSection(ExtensibilityGlobals) = postSolution
		SolutionGuid = {5A765EDC-540A-4EC4-B01B-210F099C9B45}
	EndGlobalSection
EndGlobal
